
Microsoft Visual Studio Solution File, Format Version 12.00
# Visual Studio Version 17
VisualStudioVersion = 17.12.35527.113 d17.12
MinimumVisualStudioVersion = 10.0.40219.1
Project("{FAE04EC0-301F-11D3-BF4B-00C04F79EFBC}") = "WebApi", "WebApi\WebApi.csproj", "{8C444541-B817-4015-BE0F-EEA1CE183F2E}"
EndProject
Project("{FAE04EC0-301F-11D3-BF4B-00C04F79EFBC}") = "Domain", "Domain\Domain.csproj", "{46C69302-84BE-4A77-BFEB-BECEFA5D049C}"
EndProject
Project("{FAE04EC0-301F-11D3-BF4B-00C04F79EFBC}") = "Infrastructure", "Infrastructure\Infrastructure.csproj", "{007E9AE2-2562-4604-9C73-CA50C11654C1}"
EndProject
Project("{FAE04EC0-301F-11D3-BF4B-00C04F79EFBC}") = "Application", "Application\Application.csproj", "{9F23895D-6354-4A47-A790-9C455ABE4697}"
EndProject
Global
	GlobalSection(SolutionConfigurationPlatforms) = preSolution
		Debug|Any CPU = Debug|Any CPU
		Release|Any CPU = Release|Any CPU
	EndGlobalSection
	GlobalSection(ProjectConfigurationPlatforms) = postSolution
		{8C444541-B817-4015-BE0F-EEA1CE183F2E}.Debug|Any CPU.ActiveCfg = Debug|Any CPU
		{8C444541-B817-4015-BE0F-EEA1CE183F2E}.Debug|Any CPU.Build.0 = Debug|Any CPU
		{8C444541-B817-4015-BE0F-EEA1CE183F2E}.Release|Any CPU.ActiveCfg = Release|Any CPU
		{8C444541-B817-4015-BE0F-EEA1CE183F2E}.Release|Any CPU.Build.0 = Release|Any CPU
		{46C69302-84BE-4A77-BFEB-BECEFA5D049C}.Debug|Any CPU.ActiveCfg = Debug|Any CPU
		{46C69302-84BE-4A77-BFEB-BECEFA5D049C}.Debug|Any CPU.Build.0 = Debug|Any CPU
		{46C69302-84BE-4A77-BFEB-BECEFA5D049C}.Release|Any CPU.ActiveCfg = Release|Any CPU
		{46C69302-84BE-4A77-BFEB-BECEFA5D049C}.Release|Any CPU.Build.0 = Release|Any CPU
		{007E9AE2-2562-4604-9C73-CA50C11654C1}.Debug|Any CPU.ActiveCfg = Debug|Any CPU
		{007E9AE2-2562-4604-9C73-CA50C11654C1}.Debug|Any CPU.Build.0 = Debug|Any CPU
		{007E9AE2-2562-4604-9C73-CA50C11654C1}.Release|Any CPU.ActiveCfg = Release|Any CPU
		{007E9AE2-2562-4604-9C73-CA50C11654C1}.Release|Any CPU.Build.0 = Release|Any CPU
		{9F23895D-6354-4A47-A790-9C455ABE4697}.Debug|Any CPU.ActiveCfg = Debug|Any CPU
		{9F23895D-6354-4A47-A790-9C455ABE4697}.Debug|Any CPU.Build.0 = Debug|Any CPU
		{9F23895D-6354-4A47-A790-9C455ABE4697}.Release|Any CPU.ActiveCfg = Release|Any CPU
		{9F23895D-6354-4A47-A790-9C455ABE4697}.Release|Any CPU.Build.0 = Release|Any CPU
	EndGlobalSection
	GlobalSection(SolutionProperties) = preSolution
		HideSolutionNode = FALSE
	EndGlobalSection
EndGlobal
